
Microsoft Visual Studio Solution File, Format Version 12.00
# Visual Studio 15
VisualStudioVersion = 15.0.26228.18
MinimumVisualStudioVersion = 10.0.40219.1
Project("{FAE04EC0-301F-11D3-BF4B-00C04F79EFBC}") = "coreTest", "coreTest\coreTest.csproj", "{7FB45BA6-8FD1-475A-B21B-234C6E387EC9}"
EndProject
Project("{FAE04EC0-301F-11D3-BF4B-00C04F79EFBC}") = "coreTest.Tests", "coreTest.Tests\coreTest.Tests.csproj", "{28E34011-D47E-42D6-B7D7-52CACAF2AD70}"
EndProject
Global
	GlobalSection(SolutionConfigurationPlatforms) = preSolution
		Debug|Any CPU = Debug|Any CPU
		Release|Any CPU = Release|Any CPU
	EndGlobalSection
	GlobalSection(ProjectConfigurationPlatforms) = postSolution
		{7FB45BA6-8FD1-475A-B21B-234C6E387EC9}.Debug|Any CPU.ActiveCfg = Debug|Any CPU
		{7FB45BA6-8FD1-475A-B21B-234C6E387EC9}.Debug|Any CPU.Build.0 = Debug|Any CPU
		{7FB45BA6-8FD1-475A-B21B-234C6E387EC9}.Release|Any CPU.ActiveCfg = Release|Any CPU
		{7FB45BA6-8FD1-475A-B21B-234C6E387EC9}.Release|Any CPU.Build.0 = Release|Any CPU
		{28E34011-D47E-42D6-B7D7-52CACAF2AD70}.Debug|Any CPU.ActiveCfg = Debug|Any CPU
		{28E34011-D47E-42D6-B7D7-52CACAF2AD70}.Debug|Any CPU.Build.0 = Debug|Any CPU
		{28E34011-D47E-42D6-B7D7-52CACAF2AD70}.Release|Any CPU.ActiveCfg = Release|Any CPU
		{28E34011-D47E-42D6-B7D7-52CACAF2AD70}.Release|Any CPU.Build.0 = Release|Any CPU
	EndGlobalSection
	GlobalSection(SolutionProperties) = preSolution
		HideSolutionNode = FALSE
	EndGlobalSection
EndGlobal
