
Microsoft Visual Studio Solution File, Format Version 12.00
# Visual Studio 15
VisualStudioVersion = 15.0.28010.2036
MinimumVisualStudioVersion = 10.0.40219.1
Project("{FAE04EC0-301F-11D3-BF4B-00C04F79EFBC}") = "AzurePipe", "AzurePipe\AzurePipe.csproj", "{AA18ADE3-60FC-4E4A-AD47-883252E2E434}"
EndProject
Project("{FAE04EC0-301F-11D3-BF4B-00C04F79EFBC}") = "AzurePipeTests", "AzurePipeTests\AzurePipeTests.csproj", "{60EC10C9-2115-42E1-80AB-D196656084BF}"
EndProject
Global
	GlobalSection(SolutionConfigurationPlatforms) = preSolution
		Debug|Any CPU = Debug|Any CPU
		Release|Any CPU = Release|Any CPU
	EndGlobalSection
	GlobalSection(ProjectConfigurationPlatforms) = postSolution
		{AA18ADE3-60FC-4E4A-AD47-883252E2E434}.Debug|Any CPU.ActiveCfg = Debug|Any CPU
		{AA18ADE3-60FC-4E4A-AD47-883252E2E434}.Debug|Any CPU.Build.0 = Debug|Any CPU
		{AA18ADE3-60FC-4E4A-AD47-883252E2E434}.Release|Any CPU.ActiveCfg = Release|Any CPU
		{AA18ADE3-60FC-4E4A-AD47-883252E2E434}.Release|Any CPU.Build.0 = Release|Any CPU
		{60EC10C9-2115-42E1-80AB-D196656084BF}.Debug|Any CPU.ActiveCfg = Debug|Any CPU
		{60EC10C9-2115-42E1-80AB-D196656084BF}.Debug|Any CPU.Build.0 = Debug|Any CPU
		{60EC10C9-2115-42E1-80AB-D196656084BF}.Release|Any CPU.ActiveCfg = Release|Any CPU
		{60EC10C9-2115-42E1-80AB-D196656084BF}.Release|Any CPU.Build.0 = Release|Any CPU
	EndGlobalSection
	GlobalSection(SolutionProperties) = preSolution
		HideSolutionNode = FALSE
	EndGlobalSection
	GlobalSection(ExtensibilityGlobals) = postSolution
		SolutionGuid = {9C8561FD-2C8B-4B84-A069-19217E0BA19C}
	EndGlobalSection
EndGlobal
